
Microsoft Visual Studio Solution File, Format Version 12.00
# Visual Studio 14
VisualStudioVersion = 14.0.25420.1
MinimumVisualStudioVersion = 10.0.40219.1
Project("{FAE04EC0-301F-11D3-BF4B-00C04F79EFBC}") = "Solution 4", "Solution 4\Solution 4.csproj", "{D2D95549-AD56-43DB-8E11-297666A369BC}"
EndProject
Global
	GlobalSection(SolutionConfigurationPlatforms) = preSolution
		Debug|Any CPU = Debug|Any CPU
		Release|Any CPU = Release|Any CPU
	EndGlobalSection
	GlobalSection(ProjectConfigurationPlatforms) = postSolution
		{D2D95549-AD56-43DB-8E11-297666A369BC}.Debug|Any CPU.ActiveCfg = Debug|Any CPU
		{D2D95549-AD56-43DB-8E11-297666A369BC}.Debug|Any CPU.Build.0 = Debug|Any CPU
		{D2D95549-AD56-43DB-8E11-297666A369BC}.Release|Any CPU.ActiveCfg = Release|Any CPU
		{D2D95549-AD56-43DB-8E11-297666A369BC}.Release|Any CPU.Build.0 = Release|Any CPU
	EndGlobalSection
	GlobalSection(SolutionProperties) = preSolution
		HideSolutionNode = FALSE
	EndGlobalSection
EndGlobal
